
Microsoft Visual Studio Solution File, Format Version 12.00
# Visual Studio Version 17
VisualStudioVersion = 17.6.33829.357
MinimumVisualStudioVersion = 10.0.40219.1
<<<<<<< HEAD
Project("{8BC9CEB8-8B4A-11D0-8D11-00A0C91BC942}") = "Re제로부터 시작하는 노숙자 생활", "Re제로부터 시작하는 노숙자 생활\Re제로부터 시작하는 노숙자 생활.vcxproj", "{7068777D-7EBF-4DA5-B1C3-28E46D1DE273}"
=======
Project("{8BC9CEB8-8B4A-11D0-8D11-00A0C91BC942}") = "Re제로부터 시작하는 노숙자 생활", "Re제로부터 시작하는 노숙자 생활\Re제로부터 시작하는 노숙자 생활.vcxproj", "{CAEA2F61-F207-4F05-80F9-88AD5C05F02A}"
>>>>>>> Sobni
EndProject
Global
	GlobalSection(SolutionConfigurationPlatforms) = preSolution
		Debug|x64 = Debug|x64
		Debug|x86 = Debug|x86
		Release|x64 = Release|x64
		Release|x86 = Release|x86
	EndGlobalSection
	GlobalSection(ProjectConfigurationPlatforms) = postSolution
<<<<<<< HEAD
		{7068777D-7EBF-4DA5-B1C3-28E46D1DE273}.Debug|x64.ActiveCfg = Debug|x64
		{7068777D-7EBF-4DA5-B1C3-28E46D1DE273}.Debug|x64.Build.0 = Debug|x64
		{7068777D-7EBF-4DA5-B1C3-28E46D1DE273}.Debug|x86.ActiveCfg = Debug|Win32
		{7068777D-7EBF-4DA5-B1C3-28E46D1DE273}.Debug|x86.Build.0 = Debug|Win32
		{7068777D-7EBF-4DA5-B1C3-28E46D1DE273}.Release|x64.ActiveCfg = Release|x64
		{7068777D-7EBF-4DA5-B1C3-28E46D1DE273}.Release|x64.Build.0 = Release|x64
		{7068777D-7EBF-4DA5-B1C3-28E46D1DE273}.Release|x86.ActiveCfg = Release|Win32
		{7068777D-7EBF-4DA5-B1C3-28E46D1DE273}.Release|x86.Build.0 = Release|Win32
=======
		{CAEA2F61-F207-4F05-80F9-88AD5C05F02A}.Debug|x64.ActiveCfg = Debug|x64
		{CAEA2F61-F207-4F05-80F9-88AD5C05F02A}.Debug|x64.Build.0 = Debug|x64
		{CAEA2F61-F207-4F05-80F9-88AD5C05F02A}.Debug|x86.ActiveCfg = Debug|Win32
		{CAEA2F61-F207-4F05-80F9-88AD5C05F02A}.Debug|x86.Build.0 = Debug|Win32
		{CAEA2F61-F207-4F05-80F9-88AD5C05F02A}.Release|x64.ActiveCfg = Release|x64
		{CAEA2F61-F207-4F05-80F9-88AD5C05F02A}.Release|x64.Build.0 = Release|x64
		{CAEA2F61-F207-4F05-80F9-88AD5C05F02A}.Release|x86.ActiveCfg = Release|Win32
		{CAEA2F61-F207-4F05-80F9-88AD5C05F02A}.Release|x86.Build.0 = Release|Win32
>>>>>>> Sobni
	EndGlobalSection
	GlobalSection(SolutionProperties) = preSolution
		HideSolutionNode = FALSE
	EndGlobalSection
	GlobalSection(ExtensibilityGlobals) = postSolution
<<<<<<< HEAD
		SolutionGuid = {510D160B-1D27-4D56-9864-005CDA7C0112}
=======
		SolutionGuid = {89ED707E-A242-44A5-8398-734D3F41BBBF}
>>>>>>> Sobni
	EndGlobalSection
EndGlobal
